
Microsoft Visual Studio Solution File, Format Version 12.00
# Visual Studio Version 17
VisualStudioVersion = 17.4.33122.133
MinimumVisualStudioVersion = 10.0.40219.1
Project("{FAE04EC0-301F-11D3-BF4B-00C04F79EFBC}") = "task_11", "task_11\task_11.csproj", "{94341203-308B-45C2-ACFC-F8896FAB7275}"
EndProject
Global
	GlobalSection(SolutionConfigurationPlatforms) = preSolution
		Debug|Any CPU = Debug|Any CPU
		Release|Any CPU = Release|Any CPU
	EndGlobalSection
	GlobalSection(ProjectConfigurationPlatforms) = postSolution
		{94341203-308B-45C2-ACFC-F8896FAB7275}.Debug|Any CPU.ActiveCfg = Debug|Any CPU
		{94341203-308B-45C2-ACFC-F8896FAB7275}.Debug|Any CPU.Build.0 = Debug|Any CPU
		{94341203-308B-45C2-ACFC-F8896FAB7275}.Release|Any CPU.ActiveCfg = Release|Any CPU
		{94341203-308B-45C2-ACFC-F8896FAB7275}.Release|Any CPU.Build.0 = Release|Any CPU
	EndGlobalSection
	GlobalSection(SolutionProperties) = preSolution
		HideSolutionNode = FALSE
	EndGlobalSection
	GlobalSection(ExtensibilityGlobals) = postSolution
		SolutionGuid = {B98BCB85-E413-4724-A163-CBC50475516A}
	EndGlobalSection
EndGlobal
